// !$*UTF8*$!
{
	archiveVersion = 1;
	classes = {
	};
	objectVersion = 50;
	objects = {

/* Begin PBXBuildFile section */
		6D7BA30320E319A00087CDBC /* AppDelegate.swift in Sources */ = {isa = PBXBuildFile; fileRef = 6D7BA30220E319A00087CDBC /* AppDelegate.swift */; };
		6D7BA30520E319A00087CDBC /* ViewController.swift in Sources */ = {isa = PBXBuildFile; fileRef = 6D7BA30420E319A00087CDBC /* ViewController.swift */; };
		6D7BA30820E319A00087CDBC /* Main.storyboard in Resources */ = {isa = PBXBuildFile; fileRef = 6D7BA30620E319A00087CDBC /* Main.storyboard */; };
		6D7BA30A20E319A20087CDBC /* Assets.xcassets in Resources */ = {isa = PBXBuildFile; fileRef = 6D7BA30920E319A20087CDBC /* Assets.xcassets */; };
		6D7BA30D20E319A20087CDBC /* LaunchScreen.storyboard in Resources */ = {isa = PBXBuildFile; fileRef = 6D7BA30B20E319A20087CDBC /* LaunchScreen.storyboard */; };
		6D7BA31820E319A20087CDBC /* GUESSANUMBERTests.swift in Sources */ = {isa = PBXBuildFile; fileRef = 6D7BA31720E319A20087CDBC /* GUESSANUMBERTests.swift */; };
		6D7BA32320E319A20087CDBC /* GUESSANUMBERUITests.swift in Sources */ = {isa = PBXBuildFile; fileRef = 6D7BA32220E319A20087CDBC /* GUESSANUMBERUITests.swift */; };
/* End PBXBuildFile section */

/* Begin PBXContainerItemProxy section */
		6D7BA31420E319A20087CDBC /* PBXContainerItemProxy */ = {
			isa = PBXContainerItemProxy;
			containerPortal = 6D7BA2F720E319A00087CDBC /* Project object */;
			proxyType = 1;
			remoteGlobalIDString = 6D7BA2FE20E319A00087CDBC;
			remoteInfo = GUESSANUMBER;
		};
		6D7BA31F20E319A20087CDBC /* PBXContainerItemProxy */ = {
			isa = PBXContainerItemProxy;
			containerPortal = 6D7BA2F720E319A00087CDBC /* Project object */;
			proxyType = 1;
			remoteGlobalIDString = 6D7BA2FE20E319A00087CDBC;
			remoteInfo = GUESSANUMBER;
		};
/* End PBXContainerItemProxy section */

/* Begin PBXFileReference section */
		6D7BA2FF20E319A00087CDBC /* GUESSANUMBER.app */ = {isa = PBXFileReference; explicitFileType = wrapper.application; includeInIndex = 0; path = GUESSANUMBER.app; sourceTree = BUILT_PRODUCTS_DIR; };
		6D7BA30220E319A00087CDBC /* AppDelegate.swift */ = {isa = PBXFileReference; lastKnownFileType = sourcecode.swift; path = AppDelegate.swift; sourceTree = "<group>"; };
		6D7BA30420E319A00087CDBC /* ViewController.swift */ = {isa = PBXFileReference; lastKnownFileType = sourcecode.swift; path = ViewController.swift; sourceTree = "<group>"; };
		6D7BA30720E319A00087CDBC /* Base */ = {isa = PBXFileReference; lastKnownFileType = file.storyboard; name = Base; path = Base.lproj/Main.storyboard; sourceTree = "<group>"; };
		6D7BA30920E319A20087CDBC /* Assets.xcassets */ = {isa = PBXFileReference; lastKnownFileType = folder.assetcatalog; path = Assets.xcassets; sourceTree = "<group>"; };
		6D7BA30C20E319A20087CDBC /* Base */ = {isa = PBXFileReference; lastKnownFileType = file.storyboard; name = Base; path = Base.lproj/LaunchScreen.storyboard; sourceTree = "<group>"; };
		6D7BA30E20E319A20087CDBC /* Info.plist */ = {isa = PBXFileReference; lastKnownFileType = text.plist.xml; path = Info.plist; sourceTree = "<group>"; };
		6D7BA31320E319A20087CDBC /* GUESSANUMBERTests.xctest */ = {isa = PBXFileReference; explicitFileType = wrapper.cfbundle; includeInIndex = 0; path = GUESSANUMBERTests.xctest; sourceTree = BUILT_PRODUCTS_DIR; };
		6D7BA31720E319A20087CDBC /* GUESSANUMBERTests.swift */ = {isa = PBXFileReference; lastKnownFileType = sourcecode.swift; path = GUESSANUMBERTests.swift; sourceTree = "<group>"; };
		6D7BA31920E319A20087CDBC /* Info.plist */ = {isa = PBXFileReference; lastKnownFileType = text.plist.xml; path = Info.plist; sourceTree = "<group>"; };
		6D7BA31E20E319A20087CDBC /* GUESSANUMBERUITests.xctest */ = {isa = PBXFileReference; explicitFileType = wrapper.cfbundle; includeInIndex = 0; path = GUESSANUMBERUITests.xctest; sourceTree = BUILT_PRODUCTS_DIR; };
		6D7BA32220E319A20087CDBC /* GUESSANUMBERUITests.swift */ = {isa = PBXFileReference; lastKnownFileType = sourcecode.swift; path = GUESSANUMBERUITests.swift; sourceTree = "<group>"; };
		6D7BA32420E319A20087CDBC /* Info.plist */ = {isa = PBXFileReference; lastKnownFileType = text.plist.xml; path = Info.plist; sourceTree = "<group>"; };
/* End PBXFileReference section */

/* Begin PBXFrameworksBuildPhase section */
		6D7BA2FC20E319A00087CDBC /* Frameworks */ = {
			isa = PBXFrameworksBuildPhase;
			buildActionMask = 2147483647;
			files = (
			);
			runOnlyForDeploymentPostprocessing = 0;
		};
		6D7BA31020E319A20087CDBC /* Frameworks */ = {
			isa = PBXFrameworksBuildPhase;
			buildActionMask = 2147483647;
			files = (
			);
			runOnlyForDeploymentPostprocessing = 0;
		};
		6D7BA31B20E319A20087CDBC /* Frameworks */ = {
			isa = PBXFrameworksBuildPhase;
			buildActionMask = 2147483647;
			files = (
			);
			runOnlyForDeploymentPostprocessing = 0;
		};
/* End PBXFrameworksBuildPhase section */

/* Begin PBXGroup section */
		6D7BA2F620E319A00087CDBC = {
			isa = PBXGroup;
			children = (
				6D7BA30120E319A00087CDBC /* GUESSANUMBER */,
				6D7BA31620E319A20087CDBC /* GUESSANUMBERTests */,
				6D7BA32120E319A20087CDBC /* GUESSANUMBERUITests */,
				6D7BA30020E319A00087CDBC /* Products */,
			);
			sourceTree = "<group>";
		};
		6D7BA30020E319A00087CDBC /* Products */ = {
			isa = PBXGroup;
			children = (
				6D7BA2FF20E319A00087CDBC /* GUESSANUMBER.app */,
				6D7BA31320E319A20087CDBC /* GUESSANUMBERTests.xctest */,
				6D7BA31E20E319A20087CDBC /* GUESSANUMBERUITests.xctest */,
			);
			name = Products;
			sourceTree = "<group>";
		};
		6D7BA30120E319A00087CDBC /* GUESSANUMBER */ = {
			isa = PBXGroup;
			children = (
				6D7BA30220E319A00087CDBC /* AppDelegate.swift */,
				6D7BA30420E319A00087CDBC /* ViewController.swift */,
				6D7BA30620E319A00087CDBC /* Main.storyboard */,
				6D7BA30920E319A20087CDBC /* Assets.xcassets */,
				6D7BA30B20E319A20087CDBC /* LaunchScreen.storyboard */,
				6D7BA30E20E319A20087CDBC /* Info.plist */,
			);
			path = GUESSANUMBER;
			sourceTree = "<group>";
		};
		6D7BA31620E319A20087CDBC /* GUESSANUMBERTests */ = {
			isa = PBXGroup;
			children = (
				6D7BA31720E319A20087CDBC /* GUESSANUMBERTests.swift */,
				6D7BA31920E319A20087CDBC /* Info.plist */,
			);
			path = GUESSANUMBERTests;
			sourceTree = "<group>";
		};
		6D7BA32120E319A20087CDBC /* GUESSANUMBERUITests */ = {
			isa = PBXGroup;
			children = (
				6D7BA32220E319A20087CDBC /* GUESSANUMBERUITests.swift */,
				6D7BA32420E319A20087CDBC /* Info.plist */,
			);
			path = GUESSANUMBERUITests;
			sourceTree = "<group>";
		};
/* End PBXGroup section */

/* Begin PBXNativeTarget section */
		6D7BA2FE20E319A00087CDBC /* GUESSANUMBER */ = {
			isa = PBXNativeTarget;
			buildConfigurationList = 6D7BA32720E319A20087CDBC /* Build configuration list for PBXNativeTarget "GUESSANUMBER" */;
			buildPhases = (
				6D7BA2FB20E319A00087CDBC /* Sources */,
				6D7BA2FC20E319A00087CDBC /* Frameworks */,
				6D7BA2FD20E319A00087CDBC /* Resources */,
			);
			buildRules = (
			);
			dependencies = (
			);
			name = GUESSANUMBER;
			productName = GUESSANUMBER;
			productReference = 6D7BA2FF20E319A00087CDBC /* GUESSANUMBER.app */;
			productType = "com.apple.product-type.application";
		};
		6D7BA31220E319A20087CDBC /* GUESSANUMBERTests */ = {
			isa = PBXNativeTarget;
			buildConfigurationList = 6D7BA32A20E319A20087CDBC /* Build configuration list for PBXNativeTarget "GUESSANUMBERTests" */;
			buildPhases = (
				6D7BA30F20E319A20087CDBC /* Sources */,
				6D7BA31020E319A20087CDBC /* Frameworks */,
				6D7BA31120E319A20087CDBC /* Resources */,
			);
			buildRules = (
			);
			dependencies = (
				6D7BA31520E319A20087CDBC /* PBXTargetDependency */,
			);
			name = GUESSANUMBERTests;
			productName = GUESSANUMBERTests;
			productReference = 6D7BA31320E319A20087CDBC /* GUESSANUMBERTests.xctest */;
			productType = "com.apple.product-type.bundle.unit-test";
		};
		6D7BA31D20E319A20087CDBC /* GUESSANUMBERUITests */ = {
			isa = PBXNativeTarget;
			buildConfigurationList = 6D7BA32D20E319A20087CDBC /* Build configuration list for PBXNativeTarget "GUESSANUMBERUITests" */;
			buildPhases = (
				6D7BA31A20E319A20087CDBC /* Sources */,
				6D7BA31B20E319A20087CDBC /* Frameworks */,
				6D7BA31C20E319A20087CDBC /* Resources */,
			);
			buildRules = (
			);
			dependencies = (
				6D7BA32020E319A20087CDBC /* PBXTargetDependency */,
			);
			name = GUESSANUMBERUITests;
			productName = GUESSANUMBERUITests;
			productReference = 6D7BA31E20E319A20087CDBC /* GUESSANUMBERUITests.xctest */;
			productType = "com.apple.product-type.bundle.ui-testing";
		};
/* End PBXNativeTarget section */

/* Begin PBXProject section */
		6D7BA2F720E319A00087CDBC /* Project object */ = {
			isa = PBXProject;
			attributes = {
				LastSwiftUpdateCheck = 0940;
				LastUpgradeCheck = 0940;
				ORGANIZATIONNAME = "Daning Miao";
				TargetAttributes = {
					6D7BA2FE20E319A00087CDBC = {
						CreatedOnToolsVersion = 9.4.1;
					};
					6D7BA31220E319A20087CDBC = {
						CreatedOnToolsVersion = 9.4.1;
						TestTargetID = 6D7BA2FE20E319A00087CDBC;
					};
					6D7BA31D20E319A20087CDBC = {
						CreatedOnToolsVersion = 9.4.1;
						TestTargetID = 6D7BA2FE20E319A00087CDBC;
					};
				};
			};
			buildConfigurationList = 6D7BA2FA20E319A00087CDBC /* Build configuration list for PBXProject "GUESSANUMBER" */;
			compatibilityVersion = "Xcode 9.3";
			developmentRegion = en;
			hasScannedForEncodings = 0;
			knownRegions = (
				en,
				Base,
			);
			mainGroup = 6D7BA2F620E319A00087CDBC;
			productRefGroup = 6D7BA30020E319A00087CDBC /* Products */;
			projectDirPath = "";
			projectRoot = "";
			targets = (
				6D7BA2FE20E319A00087CDBC /* GUESSANUMBER */,
				6D7BA31220E319A20087CDBC /* GUESSANUMBERTests */,
				6D7BA31D20E319A20087CDBC /* GUESSANUMBERUITests */,
			);
		};
/* End PBXProject section */

/* Begin PBXResourcesBuildPhase section */
		6D7BA2FD20E319A00087CDBC /* Resources */ = {
			isa = PBXResourcesBuildPhase;
			buildActionMask = 2147483647;
			files = (
				6D7BA30D20E319A20087CDBC /* LaunchScreen.storyboard in Resources */,
				6D7BA30A20E319A20087CDBC /* Assets.xcassets in Resources */,
				6D7BA30820E319A00087CDBC /* Main.storyboard in Resources */,
			);
			runOnlyForDeploymentPostprocessing = 0;
		};
		6D7BA31120E319A20087CDBC /* Resources */ = {
			isa = PBXResourcesBuildPhase;
			buildActionMask = 2147483647;
			files = (
			);
			runOnlyForDeploymentPostprocessing = 0;
		};
		6D7BA31C20E319A20087CDBC /* Resources */ = {
			isa = PBXResourcesBuildPhase;
			buildActionMask = 2147483647;
			files = (
			);
			runOnlyForDeploymentPostprocessing = 0;
		};
/* End PBXResourcesBuildPhase section */

/* Begin PBXSourcesBuildPhase section */
		6D7BA2FB20E319A00087CDBC /* Sources */ = {
			isa = PBXSourcesBuildPhase;
			buildActionMask = 2147483647;
			files = (
				6D7BA30520E319A00087CDBC /* ViewController.swift in Sources */,
				6D7BA30320E319A00087CDBC /* AppDelegate.swift in Sources */,
			);
			runOnlyForDeploymentPostprocessing = 0;
		};
		6D7BA30F20E319A20087CDBC /* Sources */ = {
			isa = PBXSourcesBuildPhase;
			buildActionMask = 2147483647;
			files = (
				6D7BA31820E319A20087CDBC /* GUESSANUMBERTests.swift in Sources */,
			);
			runOnlyForDeploymentPostprocessing = 0;
		};
		6D7BA31A20E319A20087CDBC /* Sources */ = {
			isa = PBXSourcesBuildPhase;
			buildActionMask = 2147483647;
			files = (
				6D7BA32320E319A20087CDBC /* GUESSANUMBERUITests.swift in Sources */,
			);
			runOnlyForDeploymentPostprocessing = 0;
		};
/* End PBXSourcesBuildPhase section */

/* Begin PBXTargetDependency section */
		6D7BA31520E319A20087CDBC /* PBXTargetDependency */ = {
			isa = PBXTargetDependency;
			target = 6D7BA2FE20E319A00087CDBC /* GUESSANUMBER */;
			targetProxy = 6D7BA31420E319A20087CDBC /* PBXContainerItemProxy */;
		};
		6D7BA32020E319A20087CDBC /* PBXTargetDependency */ = {
			isa = PBXTargetDependency;
			target = 6D7BA2FE20E319A00087CDBC /* GUESSANUMBER */;
			targetProxy = 6D7BA31F20E319A20087CDBC /* PBXContainerItemProxy */;
		};
/* End PBXTargetDependency section */

/* Begin PBXVariantGroup section */
		6D7BA30620E319A00087CDBC /* Main.storyboard */ = {
			isa = PBXVariantGroup;
			children = (
				6D7BA30720E319A00087CDBC /* Base */,
			);
			name = Main.storyboard;
			sourceTree = "<group>";
		};
		6D7BA30B20E319A20087CDBC /* LaunchScreen.storyboard */ = {
			isa = PBXVariantGroup;
			children = (
				6D7BA30C20E319A20087CDBC /* Base */,
			);
			name = LaunchScreen.storyboard;
			sourceTree = "<group>";
		};
/* End PBXVariantGroup section */

/* Begin XCBuildConfiguration section */
		6D7BA32520E319A20087CDBC /* Debug */ = {
			isa = XCBuildConfiguration;
			buildSettings = {
				ALWAYS_SEARCH_USER_PATHS = NO;
				CLANG_ANALYZER_NONNULL = YES;
				CLANG_ANALYZER_NUMBER_OBJECT_CONVERSION = YES_AGGRESSIVE;
				CLANG_CXX_LANGUAGE_STANDARD = "gnu++14";
				CLANG_CXX_LIBRARY = "libc++";
				CLANG_ENABLE_MODULES = YES;
				CLANG_ENABLE_OBJC_ARC = YES;
				CLANG_ENABLE_OBJC_WEAK = YES;
				CLANG_WARN_BLOCK_CAPTURE_AUTORELEASING = YES;
				CLANG_WARN_BOOL_CONVERSION = YES;
				CLANG_WARN_COMMA = YES;
				CLANG_WARN_CONSTANT_CONVERSION = YES;
				CLANG_WARN_DEPRECATED_OBJC_IMPLEMENTATIONS = YES;
				CLANG_WARN_DIRECT_OBJC_ISA_USAGE = YES_ERROR;
				CLANG_WARN_DOCUMENTATION_COMMENTS = YES;
				CLANG_WARN_EMPTY_BODY = YES;
				CLANG_WARN_ENUM_CONVERSION = YES;
				CLANG_WARN_INFINITE_RECURSION = YES;
				CLANG_WARN_INT_CONVERSION = YES;
				CLANG_WARN_NON_LITERAL_NULL_CONVERSION = YES;
				CLANG_WARN_OBJC_IMPLICIT_RETAIN_SELF = YES;
				CLANG_WARN_OBJC_LITERAL_CONVERSION = YES;
				CLANG_WARN_OBJC_ROOT_CLASS = YES_ERROR;
				CLANG_WARN_RANGE_LOOP_ANALYSIS = YES;
				CLANG_WARN_STRICT_PROTOTYPES = YES;
				CLANG_WARN_SUSPICIOUS_MOVE = YES;
				CLANG_WARN_UNGUARDED_AVAILABILITY = YES_AGGRESSIVE;
				CLANG_WARN_UNREACHABLE_CODE = YES;
				CLANG_WARN__DUPLICATE_METHOD_MATCH = YES;
				CODE_SIGN_IDENTITY = "iPhone Developer";
				COPY_PHASE_STRIP = NO;
				DEBUG_INFORMATION_FORMAT = dwarf;
				ENABLE_STRICT_OBJC_MSGSEND = YES;
				ENABLE_TESTABILITY = YES;
				GCC_C_LANGUAGE_STANDARD = gnu11;
				GCC_DYNAMIC_NO_PIC = NO;
				GCC_NO_COMMON_BLOCKS = YES;
				GCC_OPTIMIZATION_LEVEL = 0;
				GCC_PREPROCESSOR_DEFINITIONS = (
					"DEBUG=1",
					"$(inherited)",
				);
				GCC_WARN_64_TO_32_BIT_CONVERSION = YES;
				GCC_WARN_ABOUT_RETURN_TYPE = YES_ERROR;
				GCC_WARN_UNDECLARED_SELECTOR = YES;
				GCC_WARN_UNINITIALIZED_AUTOS = YES_AGGRESSIVE;
				GCC_WARN_UNUSED_FUNCTION = YES;
				GCC_WARN_UNUSED_VARIABLE = YES;
				IPHONEOS_DEPLOYMENT_TARGET = 11.4;
				MTL_ENABLE_DEBUG_INFO = YES;
				ONLY_ACTIVE_ARCH = YES;
				SDKROOT = iphoneos;
				SWIFT_ACTIVE_COMPILATION_CONDITIONS = DEBUG;
				SWIFT_OPTIMIZATION_LEVEL = "-Onone";
			};
			name = Debug;
		};
		6D7BA32620E319A20087CDBC /* Release */ = {
			isa = XCBuildConfiguration;
			buildSettings = {
				ALWAYS_SEARCH_USER_PATHS = NO;
				CLANG_ANALYZER_NONNULL = YES;
				CLANG_ANALYZER_NUMBER_OBJECT_CONVERSION = YES_AGGRESSIVE;
				CLANG_CXX_LANGUAGE_STANDARD = "gnu++14";
				CLANG_CXX_LIBRARY = "libc++";
				CLANG_ENABLE_MODULES = YES;
				CLANG_ENABLE_OBJC_ARC = YES;
				CLANG_ENABLE_OBJC_WEAK = YES;
				CLANG_WARN_BLOCK_CAPTURE_AUTORELEASING = YES;
				CLANG_WARN_BOOL_CONVERSION = YES;
				CLANG_WARN_COMMA = YES;
				CLANG_WARN_CONSTANT_CONVERSION = YES;
				CLANG_WARN_DEPRECATED_OBJC_IMPLEMENTATIONS = YES;
				CLANG_WARN_DIRECT_OBJC_ISA_USAGE = YES_ERROR;
				CLANG_WARN_DOCUMENTATION_COMMENTS = YES;
				CLANG_WARN_EMPTY_BODY = YES;
				CLANG_WARN_ENUM_CONVERSION = YES;
				CLANG_WARN_INFINITE_RECURSION = YES;
				CLANG_WARN_INT_CONVERSION = YES;
				CLANG_WARN_NON_LITERAL_NULL_CONVERSION = YES;
				CLANG_WARN_OBJC_IMPLICIT_RETAIN_SELF = YES;
				CLANG_WARN_OBJC_LITERAL_CONVERSION = YES;
				CLANG_WARN_OBJC_ROOT_CLASS = YES_ERROR;
				CLANG_WARN_RANGE_LOOP_ANALYSIS = YES;
				CLANG_WARN_STRICT_PROTOTYPES = YES;
				CLANG_WARN_SUSPICIOUS_MOVE = YES;
				CLANG_WARN_UNGUARDED_AVAILABILITY = YES_AGGRESSIVE;
				CLANG_WARN_UNREACHABLE_CODE = YES;
				CLANG_WARN__DUPLICATE_METHOD_MATCH = YES;
				CODE_SIGN_IDENTITY = "iPhone Developer";
				COPY_PHASE_STRIP = NO;
				DEBUG_INFORMATION_FORMAT = "dwarf-with-dsym";
				ENABLE_NS_ASSERTIONS = NO;
				ENABLE_STRICT_OBJC_MSGSEND = YES;
				GCC_C_LANGUAGE_STANDARD = gnu11;
				GCC_NO_COMMON_BLOCKS = YES;
				GCC_WARN_64_TO_32_BIT_CONVERSION = YES;
				GCC_WARN_ABOUT_RETURN_TYPE = YES_ERROR;
				GCC_WARN_UNDECLARED_SELECTOR = YES;
				GCC_WARN_UNINITIALIZED_AUTOS = YES_AGGRESSIVE;
				GCC_WARN_UNUSED_FUNCTION = YES;
				GCC_WARN_UNUSED_VARIABLE = YES;
				IPHONEOS_DEPLOYMENT_TARGET = 11.4;
				MTL_ENABLE_DEBUG_INFO = NO;
				SDKROOT = iphoneos;
				SWIFT_COMPILATION_MODE = wholemodule;
				SWIFT_OPTIMIZATION_LEVEL = "-O";
				VALIDATE_PRODUCT = YES;
			};
			name = Release;
		};
		6D7BA32820E319A20087CDBC /* Debug */ = {
			isa = XCBuildConfiguration;
			buildSettings = {
				ASSETCATALOG_COMPILER_APPICON_NAME = AppIcon;
				CODE_SIGN_STYLE = Automatic;
				DEVELOPMENT_TEAM = T2HM7UG35V;
				INFOPLIST_FILE = GUESSANUMBER/Info.plist;
				LD_RUNPATH_SEARCH_PATHS = (
					"$(inherited)",
					"@executable_path/Frameworks",
				);
				PRODUCT_BUNDLE_IDENTIFIER = Miu.GUESSANUMBER;
				PRODUCT_NAME = "$(TARGET_NAME)";
				SWIFT_VERSION = 4.0;
				TARGETED_DEVICE_FAMILY = "1,2";
			};
			name = Debug;
		};
		6D7BA32920E319A20087CDBC /* Release */ = {
			isa = XCBuildConfiguration;
			buildSettings = {
				ASSETCATALOG_COMPILER_APPICON_NAME = AppIcon;
				CODE_SIGN_STYLE = Automatic;
				DEVELOPMENT_TEAM = T2HM7UG35V;
				INFOPLIST_FILE = GUESSANUMBER/Info.plist;
				LD_RUNPATH_SEARCH_PATHS = (
					"$(inherited)",
					"@executable_path/Frameworks",
				);
				PRODUCT_BUNDLE_IDENTIFIER = Miu.GUESSANUMBER;
				PRODUCT_NAME = "$(TARGET_NAME)";
				SWIFT_VERSION = 4.0;
				TARGETED_DEVICE_FAMILY = "1,2";
			};
			name = Release;
		};
		6D7BA32B20E319A20087CDBC /* Debug */ = {
			isa = XCBuildConfiguration;
			buildSettings = {
				ALWAYS_EMBED_SWIFT_STANDARD_LIBRARIES = YES;
				BUNDLE_LOADER = "$(TEST_HOST)";
				CODE_SIGN_STYLE = Automatic;
				DEVELOPMENT_TEAM = T2HM7UG35V;
				INFOPLIST_FILE = GUESSANUMBERTests/Info.plist;
				LD_RUNPATH_SEARCH_PATHS = (
					"$(inherited)",
					"@executable_path/Frameworks",
					"@loader_path/Frameworks",
				);
				PRODUCT_BUNDLE_IDENTIFIER = Miu.GUESSANUMBERTests;
				PRODUCT_NAME = "$(TARGET_NAME)";
				SWIFT_VERSION = 4.0;
				TARGETED_DEVICE_FAMILY = "1,2";
				TEST_HOST = "$(BUILT_PRODUCTS_DIR)/GUESSANUMBER.app/GUESSANUMBER";
			};
			name = Debug;
		};
		6D7BA32C20E319A20087CDBC /* Release */ = {
			isa = XCBuildConfiguration;
			buildSettings = {
				ALWAYS_EMBED_SWIFT_STANDARD_LIBRARIES = YES;
				BUNDLE_LOADER = "$(TEST_HOST)";
				CODE_SIGN_STYLE = Automatic;
				DEVELOPMENT_TEAM = T2HM7UG35V;
				INFOPLIST_FILE = GUESSANUMBERTests/Info.plist;
				LD_RUNPATH_SEARCH_PATHS = (
					"$(inherited)",
					"@executable_path/Frameworks",
					"@loader_path/Frameworks",
				);
				PRODUCT_BUNDLE_IDENTIFIER = Miu.GUESSANUMBERTests;
				PRODUCT_NAME = "$(TARGET_NAME)";
				SWIFT_VERSION = 4.0;
				TARGETED_DEVICE_FAMILY = "1,2";
				TEST_HOST = "$(BUILT_PRODUCTS_DIR)/GUESSANUMBER.app/GUESSANUMBER";
			};
			name = Release;
		};
		6D7BA32E20E319A20087CDBC /* Debug */ = {
			isa = XCBuildConfiguration;
			buildSettings = {
				ALWAYS_EMBED_SWIFT_STANDARD_LIBRARIES = YES;
				CODE_SIGN_STYLE = Automatic;
				DEVELOPMENT_TEAM = T2HM7UG35V;
				INFOPLIST_FILE = GUESSANUMBERUITests/Info.plist;
				LD_RUNPATH_SEARCH_PATHS = (
					"$(inherited)",
					"@executable_path/Frameworks",
					"@loader_path/Frameworks",
				);
				PRODUCT_BUNDLE_IDENTIFIER = Miu.GUESSANUMBERUITests;
				PRODUCT_NAME = "$(TARGET_NAME)";
				SWIFT_VERSION = 4.0;
				TARGETED_DEVICE_FAMILY = "1,2";
				TEST_TARGET_NAME = GUESSANUMBER;
			};
			name = Debug;
		};
		6D7BA32F20E319A20087CDBC /* Release */ = {
			isa = XCBuildConfiguration;
			buildSettings = {
				ALWAYS_EMBED_SWIFT_STANDARD_LIBRARIES = YES;
				CODE_SIGN_STYLE = Automatic;
				DEVELOPMENT_TEAM = T2HM7UG35V;
				INFOPLIST_FILE = GUESSANUMBERUITests/Info.plist;
				LD_RUNPATH_SEARCH_PATHS = (
					"$(inherited)",
					"@executable_path/Frameworks",
					"@loader_path/Frameworks",
				);
				PRODUCT_BUNDLE_IDENTIFIER = Miu.GUESSANUMBERUITests;
				PRODUCT_NAME = "$(TARGET_NAME)";
				SWIFT_VERSION = 4.0;
				TARGETED_DEVICE_FAMILY = "1,2";
				TEST_TARGET_NAME = GUESSANUMBER;
			};
			name = Release;
		};
/* End XCBuildConfiguration section */

/* Begin XCConfigurationList section */
		6D7BA2FA20E319A00087CDBC /* Build configuration list for PBXProject "GUESSANUMBER" */ = {
			isa = XCConfigurationList;
			buildConfigurations = (
				6D7BA32520E319A20087CDBC /* Debug */,
				6D7BA32620E319A20087CDBC /* Release */,
			);
			defaultConfigurationIsVisible = 0;
			defaultConfigurationName = Release;
		};
		6D7BA32720E319A20087CDBC /* Build configuration list for PBXNativeTarget "GUESSANUMBER" */ = {
			isa = XCConfigurationList;
			buildConfigurations = (
				6D7BA32820E319A20087CDBC /* Debug */,
				6D7BA32920E319A20087CDBC /* Release */,
			);
			defaultConfigurationIsVisible = 0;
			defaultConfigurationName = Release;
		};
		6D7BA32A20E319A20087CDBC /* Build configuration list for PBXNativeTarget "GUESSANUMBERTests" */ = {
			isa = XCConfigurationList;
			buildConfigurations = (
				6D7BA32B20E319A20087CDBC /* Debug */,
				6D7BA32C20E319A20087CDBC /* Release */,
			);
			defaultConfigurationIsVisible = 0;
			defaultConfigurationName = Release;
		};
		6D7BA32D20E319A20087CDBC /* Build configuration list for PBXNativeTarget "GUESSANUMBERUITests" */ = {
			isa = XCConfigurationList;
			buildConfigurations = (
				6D7BA32E20E319A20087CDBC /* Debug */,
				6D7BA32F20E319A20087CDBC /* Release */,
			);
			defaultConfigurationIsVisible = 0;
			defaultConfigurationName = Release;
		};
/* End XCConfigurationList section */
	};
	rootObject = 6D7BA2F720E319A00087CDBC /* Project object */;
}
